// !$*UTF8*$!
{
	archiveVersion = 1;
	classes = {
	};
	objectVersion = 50;
	objects = {

/* Begin PBXBuildFile section */
		4E8F765922F1D9CB00D66844 /* PodcastCellView.xib in Resources */ = {isa = PBXBuildFile; fileRef = 4E8F765822F1D9CB00D66844 /* PodcastCellView.xib */; };
		4E8F765B22F1D9EF00D66844 /* PodcastCellView.swift in Sources */ = {isa = PBXBuildFile; fileRef = 4E8F765A22F1D9EF00D66844 /* PodcastCellView.swift */; };
		4EADDCA922F6E86800766FB7 /* EpisodeCellView.xib in Resources */ = {isa = PBXBuildFile; fileRef = 4EADDCA822F6E86800766FB7 /* EpisodeCellView.xib */; };
		4EADDCAB22F6E91400766FB7 /* EpisodeCellView.swift in Sources */ = {isa = PBXBuildFile; fileRef = 4EADDCAA22F6E91300766FB7 /* EpisodeCellView.swift */; };
		4EB800EC22F18EBA00402C9D /* DetailVC.swift in Sources */ = {isa = PBXBuildFile; fileRef = 4EB800EB22F18EBA00402C9D /* DetailVC.swift */; };
		4EC224A922F1C442008D76D7 /* Parser.swift in Sources */ = {isa = PBXBuildFile; fileRef = 4EC224A822F1C442008D76D7 /* Parser.swift */; };
		4EC40D4022F318C800B02956 /* PodcastSearchVC.swift in Sources */ = {isa = PBXBuildFile; fileRef = 4EC40D3F22F318C800B02956 /* PodcastSearchVC.swift */; };
		4EE3C9B922F176BB006054D3 /* AppDelegate.swift in Sources */ = {isa = PBXBuildFile; fileRef = 4EE3C9B822F176BB006054D3 /* AppDelegate.swift */; };
		4EE3C9BD22F176BC006054D3 /* Assets.xcassets in Resources */ = {isa = PBXBuildFile; fileRef = 4EE3C9BC22F176BC006054D3 /* Assets.xcassets */; };
		4EE3C9C022F176BC006054D3 /* Main.storyboard in Resources */ = {isa = PBXBuildFile; fileRef = 4EE3C9BE22F176BC006054D3 /* Main.storyboard */; };
		4EE3C9C922F176F8006054D3 /* PodcastVC.swift in Sources */ = {isa = PBXBuildFile; fileRef = 4EE3C9C822F176F8006054D3 /* PodcastVC.swift */; };
		E8B6C1C593759AF836D82DC0 /* Pods_Newcast.framework in Frameworks */ = {isa = PBXBuildFile; fileRef = 0D5694FA4D5705ABD0C354BF /* Pods_Newcast.framework */; };
/* End PBXBuildFile section */

/* Begin PBXFileReference section */
		0D5694FA4D5705ABD0C354BF /* Pods_Newcast.framework */ = {isa = PBXFileReference; explicitFileType = wrapper.framework; includeInIndex = 0; path = Pods_Newcast.framework; sourceTree = BUILT_PRODUCTS_DIR; };
		4E8F765822F1D9CB00D66844 /* PodcastCellView.xib */ = {isa = PBXFileReference; lastKnownFileType = file.xib; path = PodcastCellView.xib; sourceTree = "<group>"; };
		4E8F765A22F1D9EF00D66844 /* PodcastCellView.swift */ = {isa = PBXFileReference; lastKnownFileType = sourcecode.swift; path = PodcastCellView.swift; sourceTree = "<group>"; };
		4EADDCA822F6E86800766FB7 /* EpisodeCellView.xib */ = {isa = PBXFileReference; lastKnownFileType = file.xib; path = EpisodeCellView.xib; sourceTree = "<group>"; };
		4EADDCAA22F6E91300766FB7 /* EpisodeCellView.swift */ = {isa = PBXFileReference; lastKnownFileType = sourcecode.swift; path = EpisodeCellView.swift; sourceTree = "<group>"; };
		4EB800EB22F18EBA00402C9D /* DetailVC.swift */ = {isa = PBXFileReference; lastKnownFileType = sourcecode.swift; path = DetailVC.swift; sourceTree = "<group>"; };
		4EC224A822F1C442008D76D7 /* Parser.swift */ = {isa = PBXFileReference; lastKnownFileType = sourcecode.swift; path = Parser.swift; sourceTree = "<group>"; };
		4EC40D3F22F318C800B02956 /* PodcastSearchVC.swift */ = {isa = PBXFileReference; lastKnownFileType = sourcecode.swift; path = PodcastSearchVC.swift; sourceTree = "<group>"; };
		4EE3C9B522F176BB006054D3 /* Newcast.app */ = {isa = PBXFileReference; explicitFileType = wrapper.application; includeInIndex = 0; path = Newcast.app; sourceTree = BUILT_PRODUCTS_DIR; };
		4EE3C9B822F176BB006054D3 /* AppDelegate.swift */ = {isa = PBXFileReference; lastKnownFileType = sourcecode.swift; path = AppDelegate.swift; sourceTree = "<group>"; };
		4EE3C9BC22F176BC006054D3 /* Assets.xcassets */ = {isa = PBXFileReference; lastKnownFileType = folder.assetcatalog; path = Assets.xcassets; sourceTree = "<group>"; };
		4EE3C9BF22F176BC006054D3 /* Base */ = {isa = PBXFileReference; lastKnownFileType = file.storyboard; name = Base; path = Base.lproj/Main.storyboard; sourceTree = "<group>"; };
		4EE3C9C122F176BC006054D3 /* Info.plist */ = {isa = PBXFileReference; lastKnownFileType = text.plist.xml; path = Info.plist; sourceTree = "<group>"; };
		4EE3C9C222F176BC006054D3 /* Newcast.entitlements */ = {isa = PBXFileReference; lastKnownFileType = text.plist.entitlements; path = Newcast.entitlements; sourceTree = "<group>"; };
		4EE3C9C822F176F8006054D3 /* PodcastVC.swift */ = {isa = PBXFileReference; lastKnownFileType = sourcecode.swift; path = PodcastVC.swift; sourceTree = "<group>"; };
		5DB70BF2232DF968E8438DAB /* Pods-Newcast.debug.xcconfig */ = {isa = PBXFileReference; includeInIndex = 1; lastKnownFileType = text.xcconfig; name = "Pods-Newcast.debug.xcconfig"; path = "Pods/Target Support Files/Pods-Newcast/Pods-Newcast.debug.xcconfig"; sourceTree = "<group>"; };
		E91777302E7C157B050945F3 /* Pods-Newcast.release.xcconfig */ = {isa = PBXFileReference; includeInIndex = 1; lastKnownFileType = text.xcconfig; name = "Pods-Newcast.release.xcconfig"; path = "Pods/Target Support Files/Pods-Newcast/Pods-Newcast.release.xcconfig"; sourceTree = "<group>"; };
/* End PBXFileReference section */

/* Begin PBXFrameworksBuildPhase section */
		4EE3C9B222F176BB006054D3 /* Frameworks */ = {
			isa = PBXFrameworksBuildPhase;
			buildActionMask = 2147483647;
			files = (
				E8B6C1C593759AF836D82DC0 /* Pods_Newcast.framework in Frameworks */,
			);
			runOnlyForDeploymentPostprocessing = 0;
		};
/* End PBXFrameworksBuildPhase section */

/* Begin PBXGroup section */
		3E85347419CE8865B9CACF45 /* Frameworks */ = {
			isa = PBXGroup;
			children = (
				0D5694FA4D5705ABD0C354BF /* Pods_Newcast.framework */,
			);
			name = Frameworks;
			sourceTree = "<group>";
		};
		423CCDE58938859C51A1DA86 /* Pods */ = {
			isa = PBXGroup;
			children = (
				5DB70BF2232DF968E8438DAB /* Pods-Newcast.debug.xcconfig */,
				E91777302E7C157B050945F3 /* Pods-Newcast.release.xcconfig */,
			);
			name = Pods;
			sourceTree = "<group>";
		};
		4E8F765322F1D3AB00D66844 /* Xibs */ = {
			isa = PBXGroup;
			children = (
				4E8F765822F1D9CB00D66844 /* PodcastCellView.xib */,
				4EADDCA822F6E86800766FB7 /* EpisodeCellView.xib */,
			);
			path = Xibs;
			sourceTree = "<group>";
		};
		4EE3C9AC22F176BB006054D3 = {
			isa = PBXGroup;
			children = (
				4EE3C9B722F176BB006054D3 /* Newcast */,
				4EE3C9B622F176BB006054D3 /* Products */,
				423CCDE58938859C51A1DA86 /* Pods */,
				3E85347419CE8865B9CACF45 /* Frameworks */,
			);
			sourceTree = "<group>";
		};
		4EE3C9B622F176BB006054D3 /* Products */ = {
			isa = PBXGroup;
			children = (
				4EE3C9B522F176BB006054D3 /* Newcast.app */,
			);
			name = Products;
			sourceTree = "<group>";
		};
		4EE3C9B722F176BB006054D3 /* Newcast */ = {
			isa = PBXGroup;
			children = (
				4EE3C9B822F176BB006054D3 /* AppDelegate.swift */,
				4EE3C9C822F176F8006054D3 /* PodcastVC.swift */,
				4EC40D3F22F318C800B02956 /* PodcastSearchVC.swift */,
				4EB800EB22F18EBA00402C9D /* DetailVC.swift */,
				4EC224A822F1C442008D76D7 /* Parser.swift */,
				4E8F765A22F1D9EF00D66844 /* PodcastCellView.swift */,
				4EADDCAA22F6E91300766FB7 /* EpisodeCellView.swift */,
				4E8F765322F1D3AB00D66844 /* Xibs */,
				4EE3C9BC22F176BC006054D3 /* Assets.xcassets */,
				4EE3C9BE22F176BC006054D3 /* Main.storyboard */,
				4EE3C9C122F176BC006054D3 /* Info.plist */,
				4EE3C9C222F176BC006054D3 /* Newcast.entitlements */,
			);
			path = Newcast;
			sourceTree = "<group>";
		};
/* End PBXGroup section */

/* Begin PBXNativeTarget section */
		4EE3C9B422F176BB006054D3 /* Newcast */ = {
			isa = PBXNativeTarget;
			buildConfigurationList = 4EE3C9C522F176BC006054D3 /* Build configuration list for PBXNativeTarget "Newcast" */;
			buildPhases = (
				41F16357803165BC043B845A /* [CP] Check Pods Manifest.lock */,
				4EE3C9B122F176BB006054D3 /* Sources */,
				4EE3C9B222F176BB006054D3 /* Frameworks */,
				4EE3C9B322F176BB006054D3 /* Resources */,
				9EF7AB02714BC1B0CA9DCA49 /* [CP] Embed Pods Frameworks */,
			);
			buildRules = (
			);
			dependencies = (
			);
			name = Newcast;
			productName = Newcast;
			productReference = 4EE3C9B522F176BB006054D3 /* Newcast.app */;
			productType = "com.apple.product-type.application";
		};
/* End PBXNativeTarget section */

/* Begin PBXProject section */
		4EE3C9AD22F176BB006054D3 /* Project object */ = {
			isa = PBXProject;
			attributes = {
				LastSwiftUpdateCheck = 1020;
				LastUpgradeCheck = 1020;
				ORGANIZATIONNAME = "Nikhil Bolar";
				TargetAttributes = {
					4EE3C9B422F176BB006054D3 = {
						CreatedOnToolsVersion = 10.2.1;
						SystemCapabilities = {
							com.apple.Sandbox = {
								enabled = 0;
							};
						};
					};
				};
			};
			buildConfigurationList = 4EE3C9B022F176BB006054D3 /* Build configuration list for PBXProject "Newcast" */;
			compatibilityVersion = "Xcode 9.3";
			developmentRegion = en;
			hasScannedForEncodings = 0;
			knownRegions = (
				en,
				Base,
			);
			mainGroup = 4EE3C9AC22F176BB006054D3;
			productRefGroup = 4EE3C9B622F176BB006054D3 /* Products */;
			projectDirPath = "";
			projectRoot = "";
			targets = (
				4EE3C9B422F176BB006054D3 /* Newcast */,
			);
		};
/* End PBXProject section */

/* Begin PBXResourcesBuildPhase section */
		4EE3C9B322F176BB006054D3 /* Resources */ = {
			isa = PBXResourcesBuildPhase;
			buildActionMask = 2147483647;
			files = (
				4EADDCA922F6E86800766FB7 /* EpisodeCellView.xib in Resources */,
				4E8F765922F1D9CB00D66844 /* PodcastCellView.xib in Resources */,
				4EE3C9BD22F176BC006054D3 /* Assets.xcassets in Resources */,
				4EE3C9C022F176BC006054D3 /* Main.storyboard in Resources */,
			);
			runOnlyForDeploymentPostprocessing = 0;
		};
/* End PBXResourcesBuildPhase section */

/* Begin PBXShellScriptBuildPhase section */
		41F16357803165BC043B845A /* [CP] Check Pods Manifest.lock */ = {
			isa = PBXShellScriptBuildPhase;
			buildActionMask = 2147483647;
			files = (
			);
			inputPaths = (
				"${PODS_PODFILE_DIR_PATH}/Podfile.lock",
				"${PODS_ROOT}/Manifest.lock",
			);
			name = "[CP] Check Pods Manifest.lock";
			outputPaths = (
				"$(DERIVED_FILE_DIR)/Pods-Newcast-checkManifestLockResult.txt",
			);
			runOnlyForDeploymentPostprocessing = 0;
			shellPath = /bin/sh;
			shellScript = "diff \"${PODS_PODFILE_DIR_PATH}/Podfile.lock\" \"${PODS_ROOT}/Manifest.lock\" > /dev/null\nif [ $? != 0 ] ; then\n    # print error to STDERR\n    echo \"error: The sandbox is not in sync with the Podfile.lock. Run 'pod install' or update your CocoaPods installation.\" >&2\n    exit 1\nfi\n# This output is used by Xcode 'outputs' to avoid re-running this script phase.\necho \"SUCCESS\" > \"${SCRIPT_OUTPUT_FILE_0}\"\n";
			showEnvVarsInLog = 0;
		};
		9EF7AB02714BC1B0CA9DCA49 /* [CP] Embed Pods Frameworks */ = {
			isa = PBXShellScriptBuildPhase;
			buildActionMask = 2147483647;
			files = (
			);
			inputPaths = (
				"${SRCROOT}/Pods/Target Support Files/Pods-Newcast/Pods-Newcast-frameworks.sh",
				"${BUILT_PRODUCTS_DIR}/Alamofire/Alamofire.framework",
				"${BUILT_PRODUCTS_DIR}/FeedKit/FeedKit.framework",
				"${BUILT_PRODUCTS_DIR}/SWXMLHash/SWXMLHash.framework",
				"${BUILT_PRODUCTS_DIR}/SwiftyJSON/SwiftyJSON.framework",
			);
			name = "[CP] Embed Pods Frameworks";
			outputPaths = (
				"${TARGET_BUILD_DIR}/${FRAMEWORKS_FOLDER_PATH}/Alamofire.framework",
				"${TARGET_BUILD_DIR}/${FRAMEWORKS_FOLDER_PATH}/FeedKit.framework",
				"${TARGET_BUILD_DIR}/${FRAMEWORKS_FOLDER_PATH}/SWXMLHash.framework",
				"${TARGET_BUILD_DIR}/${FRAMEWORKS_FOLDER_PATH}/SwiftyJSON.framework",
			);
			runOnlyForDeploymentPostprocessing = 0;
			shellPath = /bin/sh;
			shellScript = "\"${SRCROOT}/Pods/Target Support Files/Pods-Newcast/Pods-Newcast-frameworks.sh\"\n";
			showEnvVarsInLog = 0;
		};
/* End PBXShellScriptBuildPhase section */

/* Begin PBXSourcesBuildPhase section */
		4EE3C9B122F176BB006054D3 /* Sources */ = {
			isa = PBXSourcesBuildPhase;
			buildActionMask = 2147483647;
			files = (
				4EC224A922F1C442008D76D7 /* Parser.swift in Sources */,
				4EC40D4022F318C800B02956 /* PodcastSearchVC.swift in Sources */,
				4EE3C9B922F176BB006054D3 /* AppDelegate.swift in Sources */,
				4EADDCAB22F6E91400766FB7 /* EpisodeCellView.swift in Sources */,
				4EE3C9C922F176F8006054D3 /* PodcastVC.swift in Sources */,
				4E8F765B22F1D9EF00D66844 /* PodcastCellView.swift in Sources */,
				4EB800EC22F18EBA00402C9D /* DetailVC.swift in Sources */,
			);
			runOnlyForDeploymentPostprocessing = 0;
		};
/* End PBXSourcesBuildPhase section */

/* Begin PBXVariantGroup section */
		4EE3C9BE22F176BC006054D3 /* Main.storyboard */ = {
			isa = PBXVariantGroup;
			children = (
				4EE3C9BF22F176BC006054D3 /* Base */,
			);
			name = Main.storyboard;
			sourceTree = "<group>";
		};
/* End PBXVariantGroup section */

/* Begin XCBuildConfiguration section */
		4EE3C9C322F176BC006054D3 /* Debug */ = {
			isa = XCBuildConfiguration;
			buildSettings = {
				ALWAYS_SEARCH_USER_PATHS = NO;
				CLANG_ANALYZER_NONNULL = YES;
				CLANG_ANALYZER_NUMBER_OBJECT_CONVERSION = YES_AGGRESSIVE;
				CLANG_CXX_LANGUAGE_STANDARD = "gnu++14";
				CLANG_CXX_LIBRARY = "libc++";
				CLANG_ENABLE_MODULES = YES;
				CLANG_ENABLE_OBJC_ARC = YES;
				CLANG_ENABLE_OBJC_WEAK = YES;
				CLANG_WARN_BLOCK_CAPTURE_AUTORELEASING = YES;
				CLANG_WARN_BOOL_CONVERSION = YES;
				CLANG_WARN_COMMA = YES;
				CLANG_WARN_CONSTANT_CONVERSION = YES;
				CLANG_WARN_DEPRECATED_OBJC_IMPLEMENTATIONS = YES;
				CLANG_WARN_DIRECT_OBJC_ISA_USAGE = YES_ERROR;
				CLANG_WARN_DOCUMENTATION_COMMENTS = YES;
				CLANG_WARN_EMPTY_BODY = YES;
				CLANG_WARN_ENUM_CONVERSION = YES;
				CLANG_WARN_INFINITE_RECURSION = YES;
				CLANG_WARN_INT_CONVERSION = YES;
				CLANG_WARN_NON_LITERAL_NULL_CONVERSION = YES;
				CLANG_WARN_OBJC_IMPLICIT_RETAIN_SELF = YES;
				CLANG_WARN_OBJC_LITERAL_CONVERSION = YES;
				CLANG_WARN_OBJC_ROOT_CLASS = YES_ERROR;
				CLANG_WARN_RANGE_LOOP_ANALYSIS = YES;
				CLANG_WARN_STRICT_PROTOTYPES = YES;
				CLANG_WARN_SUSPICIOUS_MOVE = YES;
				CLANG_WARN_UNGUARDED_AVAILABILITY = YES_AGGRESSIVE;
				CLANG_WARN_UNREACHABLE_CODE = YES;
				CLANG_WARN__DUPLICATE_METHOD_MATCH = YES;
				CODE_SIGN_IDENTITY = "Mac Developer";
				COPY_PHASE_STRIP = NO;
				DEBUG_INFORMATION_FORMAT = dwarf;
				ENABLE_STRICT_OBJC_MSGSEND = YES;
				ENABLE_TESTABILITY = YES;
				GCC_C_LANGUAGE_STANDARD = gnu11;
				GCC_DYNAMIC_NO_PIC = NO;
				GCC_NO_COMMON_BLOCKS = YES;
				GCC_OPTIMIZATION_LEVEL = 0;
				GCC_PREPROCESSOR_DEFINITIONS = (
					"DEBUG=1",
					"$(inherited)",
				);
				GCC_WARN_64_TO_32_BIT_CONVERSION = YES;
				GCC_WARN_ABOUT_RETURN_TYPE = YES_ERROR;
				GCC_WARN_UNDECLARED_SELECTOR = YES;
				GCC_WARN_UNINITIALIZED_AUTOS = YES_AGGRESSIVE;
				GCC_WARN_UNUSED_FUNCTION = YES;
				GCC_WARN_UNUSED_VARIABLE = YES;
				MACOSX_DEPLOYMENT_TARGET = 10.14;
				MTL_ENABLE_DEBUG_INFO = INCLUDE_SOURCE;
				MTL_FAST_MATH = YES;
				ONLY_ACTIVE_ARCH = YES;
				SDKROOT = macosx;
				SWIFT_ACTIVE_COMPILATION_CONDITIONS = DEBUG;
				SWIFT_OPTIMIZATION_LEVEL = "-Onone";
			};
			name = Debug;
		};
		4EE3C9C422F176BC006054D3 /* Release */ = {
			isa = XCBuildConfiguration;
			buildSettings = {
				ALWAYS_SEARCH_USER_PATHS = NO;
				CLANG_ANALYZER_NONNULL = YES;
				CLANG_ANALYZER_NUMBER_OBJECT_CONVERSION = YES_AGGRESSIVE;
				CLANG_CXX_LANGUAGE_STANDARD = "gnu++14";
				CLANG_CXX_LIBRARY = "libc++";
				CLANG_ENABLE_MODULES = YES;
				CLANG_ENABLE_OBJC_ARC = YES;
				CLANG_ENABLE_OBJC_WEAK = YES;
				CLANG_WARN_BLOCK_CAPTURE_AUTORELEASING = YES;
				CLANG_WARN_BOOL_CONVERSION = YES;
				CLANG_WARN_COMMA = YES;
				CLANG_WARN_CONSTANT_CONVERSION = YES;
				CLANG_WARN_DEPRECATED_OBJC_IMPLEMENTATIONS = YES;
				CLANG_WARN_DIRECT_OBJC_ISA_USAGE = YES_ERROR;
				CLANG_WARN_DOCUMENTATION_COMMENTS = YES;
				CLANG_WARN_EMPTY_BODY = YES;
				CLANG_WARN_ENUM_CONVERSION = YES;
				CLANG_WARN_INFINITE_RECURSION = YES;
				CLANG_WARN_INT_CONVERSION = YES;
				CLANG_WARN_NON_LITERAL_NULL_CONVERSION = YES;
				CLANG_WARN_OBJC_IMPLICIT_RETAIN_SELF = YES;
				CLANG_WARN_OBJC_LITERAL_CONVERSION = YES;
				CLANG_WARN_OBJC_ROOT_CLASS = YES_ERROR;
				CLANG_WARN_RANGE_LOOP_ANALYSIS = YES;
				CLANG_WARN_STRICT_PROTOTYPES = YES;
				CLANG_WARN_SUSPICIOUS_MOVE = YES;
				CLANG_WARN_UNGUARDED_AVAILABILITY = YES_AGGRESSIVE;
				CLANG_WARN_UNREACHABLE_CODE = YES;
				CLANG_WARN__DUPLICATE_METHOD_MATCH = YES;
				CODE_SIGN_IDENTITY = "Mac Developer";
				COPY_PHASE_STRIP = NO;
				DEBUG_INFORMATION_FORMAT = "dwarf-with-dsym";
				ENABLE_NS_ASSERTIONS = NO;
				ENABLE_STRICT_OBJC_MSGSEND = YES;
				GCC_C_LANGUAGE_STANDARD = gnu11;
				GCC_NO_COMMON_BLOCKS = YES;
				GCC_WARN_64_TO_32_BIT_CONVERSION = YES;
				GCC_WARN_ABOUT_RETURN_TYPE = YES_ERROR;
				GCC_WARN_UNDECLARED_SELECTOR = YES;
				GCC_WARN_UNINITIALIZED_AUTOS = YES_AGGRESSIVE;
				GCC_WARN_UNUSED_FUNCTION = YES;
				GCC_WARN_UNUSED_VARIABLE = YES;
				MACOSX_DEPLOYMENT_TARGET = 10.14;
				MTL_ENABLE_DEBUG_INFO = NO;
				MTL_FAST_MATH = YES;
				SDKROOT = macosx;
				SWIFT_COMPILATION_MODE = wholemodule;
				SWIFT_OPTIMIZATION_LEVEL = "-O";
			};
			name = Release;
		};
		4EE3C9C622F176BC006054D3 /* Debug */ = {
			isa = XCBuildConfiguration;
			baseConfigurationReference = 5DB70BF2232DF968E8438DAB /* Pods-Newcast.debug.xcconfig */;
			buildSettings = {
				ASSETCATALOG_COMPILER_APPICON_NAME = AppIcon;
				CODE_SIGN_IDENTITY = "Mac Developer";
				CODE_SIGN_STYLE = Automatic;
				COMBINE_HIDPI_IMAGES = YES;
				DEVELOPMENT_TEAM = KALT4PNG4U;
				INFOPLIST_FILE = Newcast/Info.plist;
				LD_RUNPATH_SEARCH_PATHS = (
					"$(inherited)",
					"@executable_path/../Frameworks",
				);
				PRODUCT_BUNDLE_IDENTIFIER = com.bolar.Newcast;
				PRODUCT_NAME = "$(TARGET_NAME)";
				PROVISIONING_PROFILE_SPECIFIER = "";
				SWIFT_VERSION = 5.0;
			};
			name = Debug;
		};
		4EE3C9C722F176BC006054D3 /* Release */ = {
			isa = XCBuildConfiguration;
			baseConfigurationReference = E91777302E7C157B050945F3 /* Pods-Newcast.release.xcconfig */;
			buildSettings = {
				ASSETCATALOG_COMPILER_APPICON_NAME = AppIcon;
				CODE_SIGN_IDENTITY = "Mac Developer";
				CODE_SIGN_STYLE = Automatic;
				COMBINE_HIDPI_IMAGES = YES;
				DEVELOPMENT_TEAM = KALT4PNG4U;
				INFOPLIST_FILE = Newcast/Info.plist;
				LD_RUNPATH_SEARCH_PATHS = (
					"$(inherited)",
					"@executable_path/../Frameworks",
				);
				PRODUCT_BUNDLE_IDENTIFIER = com.bolar.Newcast;
				PRODUCT_NAME = "$(TARGET_NAME)";
				PROVISIONING_PROFILE_SPECIFIER = "";
				SWIFT_VERSION = 5.0;
			};
			name = Release;
		};
/* End XCBuildConfiguration section */

/* Begin XCConfigurationList section */
		4EE3C9B022F176BB006054D3 /* Build configuration list for PBXProject "Newcast" */ = {
			isa = XCConfigurationList;
			buildConfigurations = (
				4EE3C9C322F176BC006054D3 /* Debug */,
				4EE3C9C422F176BC006054D3 /* Release */,
			);
			defaultConfigurationIsVisible = 0;
			defaultConfigurationName = Release;
		};
		4EE3C9C522F176BC006054D3 /* Build configuration list for PBXNativeTarget "Newcast" */ = {
			isa = XCConfigurationList;
			buildConfigurations = (
				4EE3C9C622F176BC006054D3 /* Debug */,
				4EE3C9C722F176BC006054D3 /* Release */,
			);
			defaultConfigurationIsVisible = 0;
			defaultConfigurationName = Release;
		};
/* End XCConfigurationList section */
	};
	rootObject = 4EE3C9AD22F176BB006054D3 /* Project object */;
}
